
Microsoft Visual Studio Solution File, Format Version 12.00
# Visual Studio Version 17
VisualStudioVersion = 17.11.35327.3
MinimumVisualStudioVersion = 10.0.40219.1
Project("{8BC9CEB8-8B4A-11D0-8D11-00A0C91BC942}") = "lab_kurs", "lab_kurs.vcxproj", "{D502D38F-DFC2-4488-8FA1-35DD38E2E4EF}"
EndProject
Global
	GlobalSection(SolutionConfigurationPlatforms) = preSolution
		Debug|x64 = Debug|x64
		Debug|x86 = Debug|x86
		Release|x64 = Release|x64
		Release|x86 = Release|x86
	EndGlobalSection
	GlobalSection(ProjectConfigurationPlatforms) = postSolution
		{D502D38F-DFC2-4488-8FA1-35DD38E2E4EF}.Debug|x64.ActiveCfg = Debug|x64
		{D502D38F-DFC2-4488-8FA1-35DD38E2E4EF}.Debug|x64.Build.0 = Debug|x64
		{D502D38F-DFC2-4488-8FA1-35DD38E2E4EF}.Debug|x86.ActiveCfg = Debug|Win32
		{D502D38F-DFC2-4488-8FA1-35DD38E2E4EF}.Debug|x86.Build.0 = Debug|Win32
		{D502D38F-DFC2-4488-8FA1-35DD38E2E4EF}.Release|x64.ActiveCfg = Release|x64
		{D502D38F-DFC2-4488-8FA1-35DD38E2E4EF}.Release|x64.Build.0 = Release|x64
		{D502D38F-DFC2-4488-8FA1-35DD38E2E4EF}.Release|x86.ActiveCfg = Release|Win32
		{D502D38F-DFC2-4488-8FA1-35DD38E2E4EF}.Release|x86.Build.0 = Release|Win32
	EndGlobalSection
	GlobalSection(SolutionProperties) = preSolution
		HideSolutionNode = FALSE
	EndGlobalSection
	GlobalSection(ExtensibilityGlobals) = postSolution
		SolutionGuid = {00A4EB40-905C-4FA0-9BA2-A02BC918A940}
	EndGlobalSection
EndGlobal
